
Microsoft Visual Studio Solution File, Format Version 12.00
# Visual Studio 15
VisualStudioVersion = 15.0.28307.421
MinimumVisualStudioVersion = 10.0.40219.1
Project("{FAE04EC0-301F-11D3-BF4B-00C04F79EFBC}") = "Ping test", "Ping test\Ping test.csproj", "{84764F9F-BFC0-4710-B76A-3D6C1F97A858}"
EndProject
Global
	GlobalSection(SolutionConfigurationPlatforms) = preSolution
		Debug|Any CPU = Debug|Any CPU
		Release|Any CPU = Release|Any CPU
	EndGlobalSection
	GlobalSection(ProjectConfigurationPlatforms) = postSolution
		{84764F9F-BFC0-4710-B76A-3D6C1F97A858}.Debug|Any CPU.ActiveCfg = Debug|Any CPU
		{84764F9F-BFC0-4710-B76A-3D6C1F97A858}.Debug|Any CPU.Build.0 = Debug|Any CPU
		{84764F9F-BFC0-4710-B76A-3D6C1F97A858}.Release|Any CPU.ActiveCfg = Release|Any CPU
		{84764F9F-BFC0-4710-B76A-3D6C1F97A858}.Release|Any CPU.Build.0 = Release|Any CPU
	EndGlobalSection
	GlobalSection(SolutionProperties) = preSolution
		HideSolutionNode = FALSE
	EndGlobalSection
	GlobalSection(ExtensibilityGlobals) = postSolution
		SolutionGuid = {BF72816E-B5AD-45C7-A1F2-5EF663BB6357}
	EndGlobalSection
EndGlobal
